
Microsoft Visual Studio Solution File, Format Version 12.00
# Visual Studio 15
VisualStudioVersion = 15.0.27004.2006
MinimumVisualStudioVersion = 10.0.40219.1
Project("{FAE04EC0-301F-11D3-BF4B-00C04F79EFBC}") = "ACA", "ACA\ACA\ACA.csproj", "{98B933A1-FDAB-4C31-8078-1745D8093ED7}"
EndProject
Project("{FAE04EC0-301F-11D3-BF4B-00C04F79EFBC}") = "ACA.Android", "ACA\ACA.Android\ACA.Android.csproj", "{EFF75D28-F10D-4783-847A-740F1516CC35}"
EndProject
Project("{FAE04EC0-301F-11D3-BF4B-00C04F79EFBC}") = "ACA.iOS", "ACA\ACA.iOS\ACA.iOS.csproj", "{1301F2C0-8F95-49AB-A977-F8E8DABAB386}"
EndProject
Global
	GlobalSection(SolutionConfigurationPlatforms) = preSolution
		Debug|Any CPU = Debug|Any CPU
		Debug|iPhone = Debug|iPhone
		Debug|iPhoneSimulator = Debug|iPhoneSimulator
		Release|Any CPU = Release|Any CPU
		Release|iPhone = Release|iPhone
		Release|iPhoneSimulator = Release|iPhoneSimulator
	EndGlobalSection
	GlobalSection(ProjectConfigurationPlatforms) = postSolution
		{98B933A1-FDAB-4C31-8078-1745D8093ED7}.Debug|Any CPU.ActiveCfg = Debug|Any CPU
		{98B933A1-FDAB-4C31-8078-1745D8093ED7}.Debug|Any CPU.Build.0 = Debug|Any CPU
		{98B933A1-FDAB-4C31-8078-1745D8093ED7}.Debug|iPhone.ActiveCfg = Debug|Any CPU
		{98B933A1-FDAB-4C31-8078-1745D8093ED7}.Debug|iPhone.Build.0 = Debug|Any CPU
		{98B933A1-FDAB-4C31-8078-1745D8093ED7}.Debug|iPhoneSimulator.ActiveCfg = Debug|Any CPU
		{98B933A1-FDAB-4C31-8078-1745D8093ED7}.Debug|iPhoneSimulator.Build.0 = Debug|Any CPU
		{98B933A1-FDAB-4C31-8078-1745D8093ED7}.Release|Any CPU.ActiveCfg = Release|Any CPU
		{98B933A1-FDAB-4C31-8078-1745D8093ED7}.Release|Any CPU.Build.0 = Release|Any CPU
		{98B933A1-FDAB-4C31-8078-1745D8093ED7}.Release|iPhone.ActiveCfg = Release|Any CPU
		{98B933A1-FDAB-4C31-8078-1745D8093ED7}.Release|iPhone.Build.0 = Release|Any CPU
		{98B933A1-FDAB-4C31-8078-1745D8093ED7}.Release|iPhoneSimulator.ActiveCfg = Release|Any CPU
		{98B933A1-FDAB-4C31-8078-1745D8093ED7}.Release|iPhoneSimulator.Build.0 = Release|Any CPU
		{EFF75D28-F10D-4783-847A-740F1516CC35}.Debug|Any CPU.ActiveCfg = Debug|Any CPU
		{EFF75D28-F10D-4783-847A-740F1516CC35}.Debug|Any CPU.Build.0 = Debug|Any CPU
		{EFF75D28-F10D-4783-847A-740F1516CC35}.Debug|Any CPU.Deploy.0 = Debug|Any CPU
		{EFF75D28-F10D-4783-847A-740F1516CC35}.Debug|iPhone.ActiveCfg = Debug|Any CPU
		{EFF75D28-F10D-4783-847A-740F1516CC35}.Debug|iPhone.Build.0 = Debug|Any CPU
		{EFF75D28-F10D-4783-847A-740F1516CC35}.Debug|iPhone.Deploy.0 = Debug|Any CPU
		{EFF75D28-F10D-4783-847A-740F1516CC35}.Debug|iPhoneSimulator.ActiveCfg = Debug|Any CPU
		{EFF75D28-F10D-4783-847A-740F1516CC35}.Debug|iPhoneSimulator.Build.0 = Debug|Any CPU
		{EFF75D28-F10D-4783-847A-740F1516CC35}.Debug|iPhoneSimulator.Deploy.0 = Debug|Any CPU
		{EFF75D28-F10D-4783-847A-740F1516CC35}.Release|Any CPU.ActiveCfg = Release|Any CPU
		{EFF75D28-F10D-4783-847A-740F1516CC35}.Release|Any CPU.Build.0 = Release|Any CPU
		{EFF75D28-F10D-4783-847A-740F1516CC35}.Release|Any CPU.Deploy.0 = Release|Any CPU
		{EFF75D28-F10D-4783-847A-740F1516CC35}.Release|iPhone.ActiveCfg = Release|Any CPU
		{EFF75D28-F10D-4783-847A-740F1516CC35}.Release|iPhone.Build.0 = Release|Any CPU
		{EFF75D28-F10D-4783-847A-740F1516CC35}.Release|iPhone.Deploy.0 = Release|Any CPU
		{EFF75D28-F10D-4783-847A-740F1516CC35}.Release|iPhoneSimulator.ActiveCfg = Release|Any CPU
		{EFF75D28-F10D-4783-847A-740F1516CC35}.Release|iPhoneSimulator.Build.0 = Release|Any CPU
		{EFF75D28-F10D-4783-847A-740F1516CC35}.Release|iPhoneSimulator.Deploy.0 = Release|Any CPU
		{1301F2C0-8F95-49AB-A977-F8E8DABAB386}.Debug|Any CPU.ActiveCfg = Debug|iPhoneSimulator
		{1301F2C0-8F95-49AB-A977-F8E8DABAB386}.Debug|iPhone.ActiveCfg = Debug|iPhone
		{1301F2C0-8F95-49AB-A977-F8E8DABAB386}.Debug|iPhone.Build.0 = Debug|iPhone
		{1301F2C0-8F95-49AB-A977-F8E8DABAB386}.Debug|iPhoneSimulator.ActiveCfg = Debug|iPhoneSimulator
		{1301F2C0-8F95-49AB-A977-F8E8DABAB386}.Debug|iPhoneSimulator.Build.0 = Debug|iPhoneSimulator
		{1301F2C0-8F95-49AB-A977-F8E8DABAB386}.Release|Any CPU.ActiveCfg = Release|iPhoneSimulator
		{1301F2C0-8F95-49AB-A977-F8E8DABAB386}.Release|iPhone.ActiveCfg = Release|iPhone
		{1301F2C0-8F95-49AB-A977-F8E8DABAB386}.Release|iPhone.Build.0 = Release|iPhone
		{1301F2C0-8F95-49AB-A977-F8E8DABAB386}.Release|iPhoneSimulator.ActiveCfg = Release|iPhoneSimulator
		{1301F2C0-8F95-49AB-A977-F8E8DABAB386}.Release|iPhoneSimulator.Build.0 = Release|iPhoneSimulator
	EndGlobalSection
	GlobalSection(SolutionProperties) = preSolution
		HideSolutionNode = FALSE
	EndGlobalSection
	GlobalSection(ExtensibilityGlobals) = postSolution
		SolutionGuid = {82009414-D708-4C06-862F-22DB1ECC73E8}
	EndGlobalSection
EndGlobal
